# THIS IS AN AUTOGENERATED FILE. DO NOT EDIT THIS FILE DIRECTLY.
# yarn lockfile v1


create-expo@^2.1.4:
  version "2.1.4"
  resolved "https://registry.yarnpkg.com/create-expo/-/create-expo-2.1.4.tgz#b66bc8d4a05c86b776e91dd3568cc75cdbe94ddd"
  integrity sha512-MTKtYbzoAEQjUc2qNnwPQDwdj1/AqeeujZ2gr78RstW1xO2oDk4LVL1VhImusDgtliKnbX/Viw8cb4G3DDX8Bg==
